
Microsoft Visual Studio Solution File, Format Version 12.00
# Visual Studio Version 16
VisualStudioVersion = 16.0.31624.102
MinimumVisualStudioVersion = 10.0.40219.1
Project("{FAE04EC0-301F-11D3-BF4B-00C04F79EFBC}") = "ProjectQueue", "ProjectQueue\ProjectQueue.csproj", "{2BFE34C2-B458-47B8-BB55-427A8AE9E79B}"
EndProject
Global
	GlobalSection(SolutionConfigurationPlatforms) = preSolution
		Debug|Any CPU = Debug|Any CPU
		Release|Any CPU = Release|Any CPU
	EndGlobalSection
	GlobalSection(ProjectConfigurationPlatforms) = postSolution
		{2BFE34C2-B458-47B8-BB55-427A8AE9E79B}.Debug|Any CPU.ActiveCfg = Debug|Any CPU
		{2BFE34C2-B458-47B8-BB55-427A8AE9E79B}.Debug|Any CPU.Build.0 = Debug|Any CPU
		{2BFE34C2-B458-47B8-BB55-427A8AE9E79B}.Release|Any CPU.ActiveCfg = Release|Any CPU
		{2BFE34C2-B458-47B8-BB55-427A8AE9E79B}.Release|Any CPU.Build.0 = Release|Any CPU
	EndGlobalSection
	GlobalSection(SolutionProperties) = preSolution
		HideSolutionNode = FALSE
	EndGlobalSection
	GlobalSection(ExtensibilityGlobals) = postSolution
		SolutionGuid = {6F82D1DB-7169-4C2D-A816-A629D26A6FDD}
	EndGlobalSection
EndGlobal
