
Microsoft Visual Studio Solution File, Format Version 12.00
# Visual Studio Version 16
VisualStudioVersion = 16.0.31624.102
MinimumVisualStudioVersion = 10.0.40219.1
Project("{FAE04EC0-301F-11D3-BF4B-00C04F79EFBC}") = "Page24question2", "Page24question2\Page24question2.csproj", "{C0395439-C7EC-45DB-A215-1FCC55BAF878}"
EndProject
Global
	GlobalSection(SolutionConfigurationPlatforms) = preSolution
		Debug|Any CPU = Debug|Any CPU
		Release|Any CPU = Release|Any CPU
	EndGlobalSection
	GlobalSection(ProjectConfigurationPlatforms) = postSolution
		{C0395439-C7EC-45DB-A215-1FCC55BAF878}.Debug|Any CPU.ActiveCfg = Debug|Any CPU
		{C0395439-C7EC-45DB-A215-1FCC55BAF878}.Debug|Any CPU.Build.0 = Debug|Any CPU
		{C0395439-C7EC-45DB-A215-1FCC55BAF878}.Release|Any CPU.ActiveCfg = Release|Any CPU
		{C0395439-C7EC-45DB-A215-1FCC55BAF878}.Release|Any CPU.Build.0 = Release|Any CPU
	EndGlobalSection
	GlobalSection(SolutionProperties) = preSolution
		HideSolutionNode = FALSE
	EndGlobalSection
	GlobalSection(ExtensibilityGlobals) = postSolution
		SolutionGuid = {D8189202-8AD9-448C-A095-5727BB87EE56}
	EndGlobalSection
EndGlobal
